// !$*UTF8*$!
{
	archiveVersion = 1;
	classes = {
	};
	objectVersion = 46;
	objects = {

/* Begin PBXBuildFile section */
		3154504F16AE0F4E0047ECF3 /* UIKit.framework in Frameworks */ = {isa = PBXBuildFile; fileRef = 3154504E16AE0F4E0047ECF3 /* UIKit.framework */; };
		3154505116AE0F4E0047ECF3 /* Foundation.framework in Frameworks */ = {isa = PBXBuildFile; fileRef = 3154505016AE0F4E0047ECF3 /* Foundation.framework */; };
		3154505316AE0F4E0047ECF3 /* CoreGraphics.framework in Frameworks */ = {isa = PBXBuildFile; fileRef = 3154505216AE0F4E0047ECF3 /* CoreGraphics.framework */; };
		3154505916AE0F4E0047ECF3 /* InfoPlist.strings in Resources */ = {isa = PBXBuildFile; fileRef = 3154505716AE0F4E0047ECF3 /* InfoPlist.strings */; };
		3154505B16AE0F4E0047ECF3 /* main.m in Sources */ = {isa = PBXBuildFile; fileRef = 3154505A16AE0F4E0047ECF3 /* main.m */; };
		3154505F16AE0F4E0047ECF3 /* AppDelegate.m in Sources */ = {isa = PBXBuildFile; fileRef = 3154505E16AE0F4E0047ECF3 /* AppDelegate.m */; };
		3154506116AE0F4E0047ECF3 /* Default.png in Resources */ = {isa = PBXBuildFile; fileRef = 3154506016AE0F4E0047ECF3 /* Default.png */; };
		3154506316AE0F4E0047ECF3 /* Default@2x.png in Resources */ = {isa = PBXBuildFile; fileRef = 3154506216AE0F4E0047ECF3 /* Default@2x.png */; };
		3154506516AE0F4E0047ECF3 /* Default-568h@2x.png in Resources */ = {isa = PBXBuildFile; fileRef = 3154506416AE0F4E0047ECF3 /* Default-568h@2x.png */; };
		3154506816AE0F4E0047ECF3 /* ViewController.m in Sources */ = {isa = PBXBuildFile; fileRef = 3154506716AE0F4E0047ECF3 /* ViewController.m */; };
		3154506B16AE0F4E0047ECF3 /* ViewController.xib in Resources */ = {isa = PBXBuildFile; fileRef = 3154506916AE0F4E0047ECF3 /* ViewController.xib */; };
/* End PBXBuildFile section */

/* Begin PBXFileReference section */
		3154504A16AE0F4E0047ECF3 /* test.app */ = {isa = PBXFileReference; explicitFileType = wrapper.application; includeInIndex = 0; path = test.app; sourceTree = BUILT_PRODUCTS_DIR; };
		3154504E16AE0F4E0047ECF3 /* UIKit.framework */ = {isa = PBXFileReference; lastKnownFileType = wrapper.framework; name = UIKit.framework; path = System/Library/Frameworks/UIKit.framework; sourceTree = SDKROOT; };
		3154505016AE0F4E0047ECF3 /* Foundation.framework */ = {isa = PBXFileReference; lastKnownFileType = wrapper.framework; name = Foundation.framework; path = System/Library/Frameworks/Foundation.framework; sourceTree = SDKROOT; };
		3154505216AE0F4E0047ECF3 /* CoreGraphics.framework */ = {isa = PBXFileReference; lastKnownFileType = wrapper.framework; name = CoreGraphics.framework; path = System/Library/Frameworks/CoreGraphics.framework; sourceTree = SDKROOT; };
		3154505616AE0F4E0047ECF3 /* test-Info.plist */ = {isa = PBXFileReference; lastKnownFileType = text.plist.xml; path = "test-Info.plist"; sourceTree = "<group>"; };
		3154505816AE0F4E0047ECF3 /* en */ = {isa = PBXFileReference; lastKnownFileType = text.plist.strings; name = en; path = en.lproj/InfoPlist.strings; sourceTree = "<group>"; };
		3154505A16AE0F4E0047ECF3 /* main.m */ = {isa = PBXFileReference; lastKnownFileType = sourcecode.c.objc; path = main.m; sourceTree = "<group>"; };
		3154505C16AE0F4E0047ECF3 /* test-Prefix.pch */ = {isa = PBXFileReference; lastKnownFileType = sourcecode.c.h; path = "test-Prefix.pch"; sourceTree = "<group>"; };
		3154505D16AE0F4E0047ECF3 /* AppDelegate.h */ = {isa = PBXFileReference; lastKnownFileType = sourcecode.c.h; path = AppDelegate.h; sourceTree = "<group>"; };
		3154505E16AE0F4E0047ECF3 /* AppDelegate.m */ = {isa = PBXFileReference; lastKnownFileType = sourcecode.c.objc; path = AppDelegate.m; sourceTree = "<group>"; };
		3154506016AE0F4E0047ECF3 /* Default.png */ = {isa = PBXFileReference; lastKnownFileType = image.png; path = Default.png; sourceTree = "<group>"; };
		3154506216AE0F4E0047ECF3 /* Default@2x.png */ = {isa = PBXFileReference; lastKnownFileType = image.png; path = "Default@2x.png"; sourceTree = "<group>"; };
		3154506416AE0F4E0047ECF3 /* Default-568h@2x.png */ = {isa = PBXFileReference; lastKnownFileType = image.png; path = "Default-568h@2x.png"; sourceTree = "<group>"; };
		3154506616AE0F4E0047ECF3 /* ViewController.h */ = {isa = PBXFileReference; lastKnownFileType = sourcecode.c.h; path = ViewController.h; sourceTree = "<group>"; };
		3154506716AE0F4E0047ECF3 /* ViewController.m */ = {isa = PBXFileReference; lastKnownFileType = sourcecode.c.objc; path = ViewController.m; sourceTree = "<group>"; };
		3154506A16AE0F4E0047ECF3 /* en */ = {isa = PBXFileReference; lastKnownFileType = file.xib; name = en; path = en.lproj/ViewController.xib; sourceTree = "<group>"; };
/* End PBXFileReference section */

/* Begin PBXFrameworksBuildPhase section */
		3154504716AE0F4E0047ECF3 /* Frameworks */ = {
			isa = PBXFrameworksBuildPhase;
			buildActionMask = 2147483647;
			files = (
				3154504F16AE0F4E0047ECF3 /* UIKit.framework in Frameworks */,
				3154505116AE0F4E0047ECF3 /* Foundation.framework in Frameworks */,
				3154505316AE0F4E0047ECF3 /* CoreGraphics.framework in Frameworks */,
			);
			runOnlyForDeploymentPostprocessing = 0;
		};
/* End PBXFrameworksBuildPhase section */

/* Begin PBXGroup section */
		3154503F16AE0F4E0047ECF3 = {
			isa = PBXGroup;
			children = (
				3154505416AE0F4E0047ECF3 /* test */,
				3154504D16AE0F4E0047ECF3 /* Frameworks */,
				3154504B16AE0F4E0047ECF3 /* Products */,
			);
			sourceTree = "<group>";
		};
		3154504B16AE0F4E0047ECF3 /* Products */ = {
			isa = PBXGroup;
			children = (
				3154504A16AE0F4E0047ECF3 /* test.app */,
			);
			name = Products;
			sourceTree = "<group>";
		};
		3154504D16AE0F4E0047ECF3 /* Frameworks */ = {
			isa = PBXGroup;
			children = (
				3154504E16AE0F4E0047ECF3 /* UIKit.framework */,
				3154505016AE0F4E0047ECF3 /* Foundation.framework */,
				3154505216AE0F4E0047ECF3 /* CoreGraphics.framework */,
			);
			name = Frameworks;
			sourceTree = "<group>";
		};
		3154505416AE0F4E0047ECF3 /* test */ = {
			isa = PBXGroup;
			children = (
				3154505D16AE0F4E0047ECF3 /* AppDelegate.h */,
				3154505E16AE0F4E0047ECF3 /* AppDelegate.m */,
				3154506616AE0F4E0047ECF3 /* ViewController.h */,
				3154506716AE0F4E0047ECF3 /* ViewController.m */,
				3154506916AE0F4E0047ECF3 /* ViewController.xib */,
				3154505516AE0F4E0047ECF3 /* Supporting Files */,
			);
			path = test;
			sourceTree = "<group>";
		};
		3154505516AE0F4E0047ECF3 /* Supporting Files */ = {
			isa = PBXGroup;
			children = (
				3154505616AE0F4E0047ECF3 /* test-Info.plist */,
				3154505716AE0F4E0047ECF3 /* InfoPlist.strings */,
				3154505A16AE0F4E0047ECF3 /* main.m */,
				3154505C16AE0F4E0047ECF3 /* test-Prefix.pch */,
				3154506016AE0F4E0047ECF3 /* Default.png */,
				3154506216AE0F4E0047ECF3 /* Default@2x.png */,
				3154506416AE0F4E0047ECF3 /* Default-568h@2x.png */,
			);
			name = "Supporting Files";
			sourceTree = "<group>";
		};
/* End PBXGroup section */

/* Begin PBXNativeTarget section */
		3154504916AE0F4E0047ECF3 /* test */ = {
			isa = PBXNativeTarget;
			buildConfigurationList = 3154506E16AE0F4E0047ECF3 /* Build configuration list for PBXNativeTarget "test" */;
			buildPhases = (
				3154504616AE0F4E0047ECF3 /* Sources */,
				3154504716AE0F4E0047ECF3 /* Frameworks */,
				3154504816AE0F4E0047ECF3 /* Resources */,
			);
			buildRules = (
			);
			dependencies = (
			);
			name = test;
			productName = test;
			productReference = 3154504A16AE0F4E0047ECF3 /* test.app */;
			productType = "com.apple.product-type.application";
		};
/* End PBXNativeTarget section */

/* Begin PBXProject section */
		3154504116AE0F4E0047ECF3 /* Project object */ = {
			isa = PBXProject;
			attributes = {
				LastUpgradeCheck = 0450;
				ORGANIZATIONNAME = "Zachery Hernandez";
			};
			buildConfigurationList = 3154504416AE0F4E0047ECF3 /* Build configuration list for PBXProject "test" */;
			compatibilityVersion = "Xcode 3.2";
			developmentRegion = English;
			hasScannedForEncodings = 0;
			knownRegions = (
				en,
			);
			mainGroup = 3154503F16AE0F4E0047ECF3;
			productRefGroup = 3154504B16AE0F4E0047ECF3 /* Products */;
			projectDirPath = "";
			projectRoot = "";
			targets = (
				3154504916AE0F4E0047ECF3 /* test */,
			);
		};
/* End PBXProject section */

/* Begin PBXResourcesBuildPhase section */
		3154504816AE0F4E0047ECF3 /* Resources */ = {
			isa = PBXResourcesBuildPhase;
			buildActionMask = 2147483647;
			files = (
				3154505916AE0F4E0047ECF3 /* InfoPlist.strings in Resources */,
				3154506116AE0F4E0047ECF3 /* Default.png in Resources */,
				3154506316AE0F4E0047ECF3 /* Default@2x.png in Resources */,
				3154506516AE0F4E0047ECF3 /* Default-568h@2x.png in Resources */,
				3154506B16AE0F4E0047ECF3 /* ViewController.xib in Resources */,
			);
			runOnlyForDeploymentPostprocessing = 0;
		};
/* End PBXResourcesBuildPhase section */

/* Begin PBXSourcesBuildPhase section */
		3154504616AE0F4E0047ECF3 /* Sources */ = {
			isa = PBXSourcesBuildPhase;
			buildActionMask = 2147483647;
			files = (
				3154505B16AE0F4E0047ECF3 /* main.m in Sources */,
				3154505F16AE0F4E0047ECF3 /* AppDelegate.m in Sources */,
				3154506816AE0F4E0047ECF3 /* ViewController.m in Sources */,
			);
			runOnlyForDeploymentPostprocessing = 0;
		};
/* End PBXSourcesBuildPhase section */

/* Begin PBXVariantGroup section */
		3154505716AE0F4E0047ECF3 /* InfoPlist.strings */ = {
			isa = PBXVariantGroup;
			children = (
				3154505816AE0F4E0047ECF3 /* en */,
			);
			name = InfoPlist.strings;
			sourceTree = "<group>";
		};
		3154506916AE0F4E0047ECF3 /* ViewController.xib */ = {
			isa = PBXVariantGroup;
			children = (
				3154506A16AE0F4E0047ECF3 /* en */,
			);
			name = ViewController.xib;
			sourceTree = "<group>";
		};
/* End PBXVariantGroup section */

/* Begin XCBuildConfiguration section */
		3154506C16AE0F4E0047ECF3 /* Debug */ = {
			isa = XCBuildConfiguration;
			buildSettings = {
				ALWAYS_SEARCH_USER_PATHS = NO;
				CLANG_CXX_LANGUAGE_STANDARD = "gnu++0x";
				CLANG_CXX_LIBRARY = "libc++";
				CLANG_WARN_EMPTY_BODY = YES;
				CLANG_WARN__DUPLICATE_METHOD_MATCH = YES;
				"CODE_SIGN_IDENTITY[sdk=iphoneos*]" = "iPhone Developer";
				COPY_PHASE_STRIP = NO;
				GCC_C_LANGUAGE_STANDARD = gnu99;
				GCC_DYNAMIC_NO_PIC = NO;
				GCC_OPTIMIZATION_LEVEL = 0;
				GCC_PREPROCESSOR_DEFINITIONS = (
					"DEBUG=1",
					"$(inherited)",
				);
				GCC_SYMBOLS_PRIVATE_EXTERN = NO;
				GCC_WARN_ABOUT_RETURN_TYPE = YES;
				GCC_WARN_UNINITIALIZED_AUTOS = YES;
				GCC_WARN_UNUSED_VARIABLE = YES;
				IPHONEOS_DEPLOYMENT_TARGET = 6.0;
				ONLY_ACTIVE_ARCH = YES;
				SDKROOT = iphoneos;
			};
			name = Debug;
		};
		3154506D16AE0F4E0047ECF3 /* Release */ = {
			isa = XCBuildConfiguration;
			buildSettings = {
				ALWAYS_SEARCH_USER_PATHS = NO;
				CLANG_CXX_LANGUAGE_STANDARD = "gnu++0x";
				CLANG_CXX_LIBRARY = "libc++";
				CLANG_WARN_EMPTY_BODY = YES;
				CLANG_WARN__DUPLICATE_METHOD_MATCH = YES;
				"CODE_SIGN_IDENTITY[sdk=iphoneos*]" = "iPhone Developer";
				COPY_PHASE_STRIP = YES;
				GCC_C_LANGUAGE_STANDARD = gnu99;
				GCC_WARN_ABOUT_RETURN_TYPE = YES;
				GCC_WARN_UNINITIALIZED_AUTOS = YES;
				GCC_WARN_UNUSED_VARIABLE = YES;
				IPHONEOS_DEPLOYMENT_TARGET = 6.0;
				OTHER_CFLAGS = "-DNS_BLOCK_ASSERTIONS=1";
				SDKROOT = iphoneos;
				VALIDATE_PRODUCT = YES;
			};
			name = Release;
		};
		3154506F16AE0F4E0047ECF3 /* Debug */ = {
			isa = XCBuildConfiguration;
			buildSettings = {
				GCC_PRECOMPILE_PREFIX_HEADER = YES;
				GCC_PREFIX_HEADER = "test/test-Prefix.pch";
				INFOPLIST_FILE = "test/test-Info.plist";
				PRODUCT_NAME = "$(TARGET_NAME)";
				WRAPPER_EXTENSION = app;
			};
			name = Debug;
		};
		3154507016AE0F4E0047ECF3 /* Release */ = {
			isa = XCBuildConfiguration;
			buildSettings = {
				GCC_PRECOMPILE_PREFIX_HEADER = YES;
				GCC_PREFIX_HEADER = "test/test-Prefix.pch";
				INFOPLIST_FILE = "test/test-Info.plist";
				PRODUCT_NAME = "$(TARGET_NAME)";
				WRAPPER_EXTENSION = app;
			};
			name = Release;
		};
/* End XCBuildConfiguration section */

/* Begin XCConfigurationList section */
		3154504416AE0F4E0047ECF3 /* Build configuration list for PBXProject "test" */ = {
			isa = XCConfigurationList;
			buildConfigurations = (
				3154506C16AE0F4E0047ECF3 /* Debug */,
				3154506D16AE0F4E0047ECF3 /* Release */,
			);
			defaultConfigurationIsVisible = 0;
			defaultConfigurationName = Release;
		};
		3154506E16AE0F4E0047ECF3 /* Build configuration list for PBXNativeTarget "test" */ = {
			isa = XCConfigurationList;
			buildConfigurations = (
				3154506F16AE0F4E0047ECF3 /* Debug */,
				3154507016AE0F4E0047ECF3 /* Release */,
			);
			defaultConfigurationIsVisible = 0;
		};
/* End XCConfigurationList section */
	};
	rootObject = 3154504116AE0F4E0047ECF3 /* Project object */;
}
