// !$*UTF8*$!
{
	archiveVersion = 1;
	classes = {
	};
	objectVersion = 46;
	objects = {

/* Begin PBXBuildFile section */
		31EC2BA416ADF21F00974805 /* UIKit.framework in Frameworks */ = {isa = PBXBuildFile; fileRef = 31EC2BA316ADF21F00974805 /* UIKit.framework */; };
		31EC2BA616ADF21F00974805 /* Foundation.framework in Frameworks */ = {isa = PBXBuildFile; fileRef = 31EC2BA516ADF21F00974805 /* Foundation.framework */; };
		31EC2BA816ADF21F00974805 /* CoreGraphics.framework in Frameworks */ = {isa = PBXBuildFile; fileRef = 31EC2BA716ADF21F00974805 /* CoreGraphics.framework */; };
		31EC2BAE16ADF21F00974805 /* InfoPlist.strings in Resources */ = {isa = PBXBuildFile; fileRef = 31EC2BAC16ADF21F00974805 /* InfoPlist.strings */; };
		31EC2BB016ADF21F00974805 /* main.m in Sources */ = {isa = PBXBuildFile; fileRef = 31EC2BAF16ADF21F00974805 /* main.m */; };
		31EC2BB416ADF21F00974805 /* AppDelegate.m in Sources */ = {isa = PBXBuildFile; fileRef = 31EC2BB316ADF21F00974805 /* AppDelegate.m */; };
		31EC2BB616ADF21F00974805 /* Default.png in Resources */ = {isa = PBXBuildFile; fileRef = 31EC2BB516ADF21F00974805 /* Default.png */; };
		31EC2BB816ADF21F00974805 /* Default@2x.png in Resources */ = {isa = PBXBuildFile; fileRef = 31EC2BB716ADF21F00974805 /* Default@2x.png */; };
		31EC2BBA16ADF21F00974805 /* Default-568h@2x.png in Resources */ = {isa = PBXBuildFile; fileRef = 31EC2BB916ADF21F00974805 /* Default-568h@2x.png */; };
		31EC2BBD16ADF21F00974805 /* ViewController.m in Sources */ = {isa = PBXBuildFile; fileRef = 31EC2BBC16ADF21F00974805 /* ViewController.m */; };
		31EC2BC016ADF21F00974805 /* ViewController.xib in Resources */ = {isa = PBXBuildFile; fileRef = 31EC2BBE16ADF21F00974805 /* ViewController.xib */; };
/* End PBXBuildFile section */

/* Begin PBXFileReference section */
		31EC2B9F16ADF21F00974805 /* aoc2-2.3.app */ = {isa = PBXFileReference; explicitFileType = wrapper.application; includeInIndex = 0; path = "aoc2-2.3.app"; sourceTree = BUILT_PRODUCTS_DIR; };
		31EC2BA316ADF21F00974805 /* UIKit.framework */ = {isa = PBXFileReference; lastKnownFileType = wrapper.framework; name = UIKit.framework; path = System/Library/Frameworks/UIKit.framework; sourceTree = SDKROOT; };
		31EC2BA516ADF21F00974805 /* Foundation.framework */ = {isa = PBXFileReference; lastKnownFileType = wrapper.framework; name = Foundation.framework; path = System/Library/Frameworks/Foundation.framework; sourceTree = SDKROOT; };
		31EC2BA716ADF21F00974805 /* CoreGraphics.framework */ = {isa = PBXFileReference; lastKnownFileType = wrapper.framework; name = CoreGraphics.framework; path = System/Library/Frameworks/CoreGraphics.framework; sourceTree = SDKROOT; };
		31EC2BAB16ADF21F00974805 /* aoc2-2.3-Info.plist */ = {isa = PBXFileReference; lastKnownFileType = text.plist.xml; path = "aoc2-2.3-Info.plist"; sourceTree = "<group>"; };
		31EC2BAD16ADF21F00974805 /* en */ = {isa = PBXFileReference; lastKnownFileType = text.plist.strings; name = en; path = en.lproj/InfoPlist.strings; sourceTree = "<group>"; };
		31EC2BAF16ADF21F00974805 /* main.m */ = {isa = PBXFileReference; lastKnownFileType = sourcecode.c.objc; path = main.m; sourceTree = "<group>"; };
		31EC2BB116ADF21F00974805 /* aoc2-2.3-Prefix.pch */ = {isa = PBXFileReference; lastKnownFileType = sourcecode.c.h; path = "aoc2-2.3-Prefix.pch"; sourceTree = "<group>"; };
		31EC2BB216ADF21F00974805 /* AppDelegate.h */ = {isa = PBXFileReference; lastKnownFileType = sourcecode.c.h; path = AppDelegate.h; sourceTree = "<group>"; };
		31EC2BB316ADF21F00974805 /* AppDelegate.m */ = {isa = PBXFileReference; lastKnownFileType = sourcecode.c.objc; path = AppDelegate.m; sourceTree = "<group>"; };
		31EC2BB516ADF21F00974805 /* Default.png */ = {isa = PBXFileReference; lastKnownFileType = image.png; path = Default.png; sourceTree = "<group>"; };
		31EC2BB716ADF21F00974805 /* Default@2x.png */ = {isa = PBXFileReference; lastKnownFileType = image.png; path = "Default@2x.png"; sourceTree = "<group>"; };
		31EC2BB916ADF21F00974805 /* Default-568h@2x.png */ = {isa = PBXFileReference; lastKnownFileType = image.png; path = "Default-568h@2x.png"; sourceTree = "<group>"; };
		31EC2BBB16ADF21F00974805 /* ViewController.h */ = {isa = PBXFileReference; lastKnownFileType = sourcecode.c.h; path = ViewController.h; sourceTree = "<group>"; };
		31EC2BBC16ADF21F00974805 /* ViewController.m */ = {isa = PBXFileReference; lastKnownFileType = sourcecode.c.objc; path = ViewController.m; sourceTree = "<group>"; };
		31EC2BBF16ADF21F00974805 /* en */ = {isa = PBXFileReference; lastKnownFileType = file.xib; name = en; path = en.lproj/ViewController.xib; sourceTree = "<group>"; };
/* End PBXFileReference section */

/* Begin PBXFrameworksBuildPhase section */
		31EC2B9C16ADF21F00974805 /* Frameworks */ = {
			isa = PBXFrameworksBuildPhase;
			buildActionMask = 2147483647;
			files = (
				31EC2BA416ADF21F00974805 /* UIKit.framework in Frameworks */,
				31EC2BA616ADF21F00974805 /* Foundation.framework in Frameworks */,
				31EC2BA816ADF21F00974805 /* CoreGraphics.framework in Frameworks */,
			);
			runOnlyForDeploymentPostprocessing = 0;
		};
/* End PBXFrameworksBuildPhase section */

/* Begin PBXGroup section */
		31EC2B9416ADF21E00974805 = {
			isa = PBXGroup;
			children = (
				31EC2BA916ADF21F00974805 /* aoc2-2.3 */,
				31EC2BA216ADF21F00974805 /* Frameworks */,
				31EC2BA016ADF21F00974805 /* Products */,
			);
			sourceTree = "<group>";
		};
		31EC2BA016ADF21F00974805 /* Products */ = {
			isa = PBXGroup;
			children = (
				31EC2B9F16ADF21F00974805 /* aoc2-2.3.app */,
			);
			name = Products;
			sourceTree = "<group>";
		};
		31EC2BA216ADF21F00974805 /* Frameworks */ = {
			isa = PBXGroup;
			children = (
				31EC2BA316ADF21F00974805 /* UIKit.framework */,
				31EC2BA516ADF21F00974805 /* Foundation.framework */,
				31EC2BA716ADF21F00974805 /* CoreGraphics.framework */,
			);
			name = Frameworks;
			sourceTree = "<group>";
		};
		31EC2BA916ADF21F00974805 /* aoc2-2.3 */ = {
			isa = PBXGroup;
			children = (
				31EC2BB216ADF21F00974805 /* AppDelegate.h */,
				31EC2BB316ADF21F00974805 /* AppDelegate.m */,
				31EC2BBB16ADF21F00974805 /* ViewController.h */,
				31EC2BBC16ADF21F00974805 /* ViewController.m */,
				31EC2BBE16ADF21F00974805 /* ViewController.xib */,
				31EC2BAA16ADF21F00974805 /* Supporting Files */,
			);
			path = "aoc2-2.3";
			sourceTree = "<group>";
		};
		31EC2BAA16ADF21F00974805 /* Supporting Files */ = {
			isa = PBXGroup;
			children = (
				31EC2BAB16ADF21F00974805 /* aoc2-2.3-Info.plist */,
				31EC2BAC16ADF21F00974805 /* InfoPlist.strings */,
				31EC2BAF16ADF21F00974805 /* main.m */,
				31EC2BB116ADF21F00974805 /* aoc2-2.3-Prefix.pch */,
				31EC2BB516ADF21F00974805 /* Default.png */,
				31EC2BB716ADF21F00974805 /* Default@2x.png */,
				31EC2BB916ADF21F00974805 /* Default-568h@2x.png */,
			);
			name = "Supporting Files";
			sourceTree = "<group>";
		};
/* End PBXGroup section */

/* Begin PBXNativeTarget section */
		31EC2B9E16ADF21F00974805 /* aoc2-2.3 */ = {
			isa = PBXNativeTarget;
			buildConfigurationList = 31EC2BC316ADF21F00974805 /* Build configuration list for PBXNativeTarget "aoc2-2.3" */;
			buildPhases = (
				31EC2B9B16ADF21F00974805 /* Sources */,
				31EC2B9C16ADF21F00974805 /* Frameworks */,
				31EC2B9D16ADF21F00974805 /* Resources */,
			);
			buildRules = (
			);
			dependencies = (
			);
			name = "aoc2-2.3";
			productName = "aoc2-2.3";
			productReference = 31EC2B9F16ADF21F00974805 /* aoc2-2.3.app */;
			productType = "com.apple.product-type.application";
		};
/* End PBXNativeTarget section */

/* Begin PBXProject section */
		31EC2B9616ADF21F00974805 /* Project object */ = {
			isa = PBXProject;
			attributes = {
				LastUpgradeCheck = 0450;
				ORGANIZATIONNAME = "Zachery Hernandez";
			};
			buildConfigurationList = 31EC2B9916ADF21F00974805 /* Build configuration list for PBXProject "aoc2-2.3" */;
			compatibilityVersion = "Xcode 3.2";
			developmentRegion = English;
			hasScannedForEncodings = 0;
			knownRegions = (
				en,
			);
			mainGroup = 31EC2B9416ADF21E00974805;
			productRefGroup = 31EC2BA016ADF21F00974805 /* Products */;
			projectDirPath = "";
			projectRoot = "";
			targets = (
				31EC2B9E16ADF21F00974805 /* aoc2-2.3 */,
			);
		};
/* End PBXProject section */

/* Begin PBXResourcesBuildPhase section */
		31EC2B9D16ADF21F00974805 /* Resources */ = {
			isa = PBXResourcesBuildPhase;
			buildActionMask = 2147483647;
			files = (
				31EC2BAE16ADF21F00974805 /* InfoPlist.strings in Resources */,
				31EC2BB616ADF21F00974805 /* Default.png in Resources */,
				31EC2BB816ADF21F00974805 /* Default@2x.png in Resources */,
				31EC2BBA16ADF21F00974805 /* Default-568h@2x.png in Resources */,
				31EC2BC016ADF21F00974805 /* ViewController.xib in Resources */,
			);
			runOnlyForDeploymentPostprocessing = 0;
		};
/* End PBXResourcesBuildPhase section */

/* Begin PBXSourcesBuildPhase section */
		31EC2B9B16ADF21F00974805 /* Sources */ = {
			isa = PBXSourcesBuildPhase;
			buildActionMask = 2147483647;
			files = (
				31EC2BB016ADF21F00974805 /* main.m in Sources */,
				31EC2BB416ADF21F00974805 /* AppDelegate.m in Sources */,
				31EC2BBD16ADF21F00974805 /* ViewController.m in Sources */,
			);
			runOnlyForDeploymentPostprocessing = 0;
		};
/* End PBXSourcesBuildPhase section */

/* Begin PBXVariantGroup section */
		31EC2BAC16ADF21F00974805 /* InfoPlist.strings */ = {
			isa = PBXVariantGroup;
			children = (
				31EC2BAD16ADF21F00974805 /* en */,
			);
			name = InfoPlist.strings;
			sourceTree = "<group>";
		};
		31EC2BBE16ADF21F00974805 /* ViewController.xib */ = {
			isa = PBXVariantGroup;
			children = (
				31EC2BBF16ADF21F00974805 /* en */,
			);
			name = ViewController.xib;
			sourceTree = "<group>";
		};
/* End PBXVariantGroup section */

/* Begin XCBuildConfiguration section */
		31EC2BC116ADF21F00974805 /* Debug */ = {
			isa = XCBuildConfiguration;
			buildSettings = {
				ALWAYS_SEARCH_USER_PATHS = NO;
				CLANG_CXX_LANGUAGE_STANDARD = "gnu++0x";
				CLANG_CXX_LIBRARY = "libc++";
				CLANG_WARN_EMPTY_BODY = YES;
				CLANG_WARN__DUPLICATE_METHOD_MATCH = YES;
				"CODE_SIGN_IDENTITY[sdk=iphoneos*]" = "iPhone Developer";
				COPY_PHASE_STRIP = NO;
				GCC_C_LANGUAGE_STANDARD = gnu99;
				GCC_DYNAMIC_NO_PIC = NO;
				GCC_OPTIMIZATION_LEVEL = 0;
				GCC_PREPROCESSOR_DEFINITIONS = (
					"DEBUG=1",
					"$(inherited)",
				);
				GCC_SYMBOLS_PRIVATE_EXTERN = NO;
				GCC_WARN_ABOUT_RETURN_TYPE = YES;
				GCC_WARN_UNINITIALIZED_AUTOS = YES;
				GCC_WARN_UNUSED_VARIABLE = YES;
				IPHONEOS_DEPLOYMENT_TARGET = 6.0;
				ONLY_ACTIVE_ARCH = YES;
				SDKROOT = iphoneos;
			};
			name = Debug;
		};
		31EC2BC216ADF21F00974805 /* Release */ = {
			isa = XCBuildConfiguration;
			buildSettings = {
				ALWAYS_SEARCH_USER_PATHS = NO;
				CLANG_CXX_LANGUAGE_STANDARD = "gnu++0x";
				CLANG_CXX_LIBRARY = "libc++";
				CLANG_WARN_EMPTY_BODY = YES;
				CLANG_WARN__DUPLICATE_METHOD_MATCH = YES;
				"CODE_SIGN_IDENTITY[sdk=iphoneos*]" = "iPhone Developer";
				COPY_PHASE_STRIP = YES;
				GCC_C_LANGUAGE_STANDARD = gnu99;
				GCC_WARN_ABOUT_RETURN_TYPE = YES;
				GCC_WARN_UNINITIALIZED_AUTOS = YES;
				GCC_WARN_UNUSED_VARIABLE = YES;
				IPHONEOS_DEPLOYMENT_TARGET = 6.0;
				OTHER_CFLAGS = "-DNS_BLOCK_ASSERTIONS=1";
				SDKROOT = iphoneos;
				VALIDATE_PRODUCT = YES;
			};
			name = Release;
		};
		31EC2BC416ADF21F00974805 /* Debug */ = {
			isa = XCBuildConfiguration;
			buildSettings = {
				GCC_PRECOMPILE_PREFIX_HEADER = YES;
				GCC_PREFIX_HEADER = "aoc2-2.3/aoc2-2.3-Prefix.pch";
				INFOPLIST_FILE = "aoc2-2.3/aoc2-2.3-Info.plist";
				PRODUCT_NAME = "$(TARGET_NAME)";
				WRAPPER_EXTENSION = app;
			};
			name = Debug;
		};
		31EC2BC516ADF21F00974805 /* Release */ = {
			isa = XCBuildConfiguration;
			buildSettings = {
				GCC_PRECOMPILE_PREFIX_HEADER = YES;
				GCC_PREFIX_HEADER = "aoc2-2.3/aoc2-2.3-Prefix.pch";
				INFOPLIST_FILE = "aoc2-2.3/aoc2-2.3-Info.plist";
				PRODUCT_NAME = "$(TARGET_NAME)";
				WRAPPER_EXTENSION = app;
			};
			name = Release;
		};
/* End XCBuildConfiguration section */

/* Begin XCConfigurationList section */
		31EC2B9916ADF21F00974805 /* Build configuration list for PBXProject "aoc2-2.3" */ = {
			isa = XCConfigurationList;
			buildConfigurations = (
				31EC2BC116ADF21F00974805 /* Debug */,
				31EC2BC216ADF21F00974805 /* Release */,
			);
			defaultConfigurationIsVisible = 0;
			defaultConfigurationName = Release;
		};
		31EC2BC316ADF21F00974805 /* Build configuration list for PBXNativeTarget "aoc2-2.3" */ = {
			isa = XCConfigurationList;
			buildConfigurations = (
				31EC2BC416ADF21F00974805 /* Debug */,
				31EC2BC516ADF21F00974805 /* Release */,
			);
			defaultConfigurationIsVisible = 0;
		};
/* End XCConfigurationList section */
	};
	rootObject = 31EC2B9616ADF21F00974805 /* Project object */;
}
