// !$*UTF8*$!
{
	archiveVersion = 1;
	classes = {
	};
	objectVersion = 46;
	objects = {

/* Begin PBXBuildFile section */
		311F5FB216A3116E009DA011 /* UIKit.framework in Frameworks */ = {isa = PBXBuildFile; fileRef = 311F5FB116A3116E009DA011 /* UIKit.framework */; };
		311F5FB416A3116E009DA011 /* Foundation.framework in Frameworks */ = {isa = PBXBuildFile; fileRef = 311F5FB316A3116E009DA011 /* Foundation.framework */; };
		311F5FB616A3116E009DA011 /* CoreGraphics.framework in Frameworks */ = {isa = PBXBuildFile; fileRef = 311F5FB516A3116E009DA011 /* CoreGraphics.framework */; };
		311F5FBC16A3116E009DA011 /* InfoPlist.strings in Resources */ = {isa = PBXBuildFile; fileRef = 311F5FBA16A3116E009DA011 /* InfoPlist.strings */; };
		311F5FBE16A3116E009DA011 /* main.m in Sources */ = {isa = PBXBuildFile; fileRef = 311F5FBD16A3116E009DA011 /* main.m */; };
		311F5FC216A3116E009DA011 /* AppDelegate.m in Sources */ = {isa = PBXBuildFile; fileRef = 311F5FC116A3116E009DA011 /* AppDelegate.m */; };
		311F5FC416A3116E009DA011 /* Default.png in Resources */ = {isa = PBXBuildFile; fileRef = 311F5FC316A3116E009DA011 /* Default.png */; };
		311F5FC616A3116E009DA011 /* Default@2x.png in Resources */ = {isa = PBXBuildFile; fileRef = 311F5FC516A3116E009DA011 /* Default@2x.png */; };
		311F5FC816A3116E009DA011 /* Default-568h@2x.png in Resources */ = {isa = PBXBuildFile; fileRef = 311F5FC716A3116E009DA011 /* Default-568h@2x.png */; };
		311F5FCB16A3116E009DA011 /* ViewController.m in Sources */ = {isa = PBXBuildFile; fileRef = 311F5FCA16A3116E009DA011 /* ViewController.m */; };
		311F5FCE16A3116E009DA011 /* ViewController.xib in Resources */ = {isa = PBXBuildFile; fileRef = 311F5FCC16A3116E009DA011 /* ViewController.xib */; };
		3135BE1E16A4B93200E4617F /* AOC2-2.2_Info_Screen.png in Resources */ = {isa = PBXBuildFile; fileRef = 3135BE1D16A4B93200E4617F /* AOC2-2.2_Info_Screen.png */; };
		3135BE2516A4BFC900E4617F /* AOC2-2.2_Info_Screen_Exit_Button.png in Resources */ = {isa = PBXBuildFile; fileRef = 3135BE2416A4BFC900E4617F /* AOC2-2.2_Info_Screen_Exit_Button.png */; };
		3149FE5F16A339F800ECF593 /* infoView.m in Sources */ = {isa = PBXBuildFile; fileRef = 3149FE5D16A339F800ECF593 /* infoView.m */; };
		3149FE6016A339F800ECF593 /* infoView.xib in Resources */ = {isa = PBXBuildFile; fileRef = 3149FE5E16A339F800ECF593 /* infoView.xib */; };
		31DF655016A5EB0800166392 /* friendFactory.m in Sources */ = {isa = PBXBuildFile; fileRef = 31DF654F16A5EB0800166392 /* friendFactory.m */; };
		31DF655416A5EB1D00166392 /* baseFriends.m in Sources */ = {isa = PBXBuildFile; fileRef = 31DF655316A5EB1D00166392 /* baseFriends.m */; };
		31DF655716A5EB3400166392 /* airFriend.m in Sources */ = {isa = PBXBuildFile; fileRef = 31DF655616A5EB3400166392 /* airFriend.m */; };
		31DF655A16A5EB4200166392 /* fireFriend.m in Sources */ = {isa = PBXBuildFile; fileRef = 31DF655916A5EB4200166392 /* fireFriend.m */; };
		31DF655D16A5EB4E00166392 /* waterFriend.m in Sources */ = {isa = PBXBuildFile; fileRef = 31DF655C16A5EB4D00166392 /* waterFriend.m */; };
/* End PBXBuildFile section */

/* Begin PBXFileReference section */
		311F5FAD16A3116E009DA011 /* aoc2-2.2.app */ = {isa = PBXFileReference; explicitFileType = wrapper.application; includeInIndex = 0; path = "aoc2-2.2.app"; sourceTree = BUILT_PRODUCTS_DIR; };
		311F5FB116A3116E009DA011 /* UIKit.framework */ = {isa = PBXFileReference; lastKnownFileType = wrapper.framework; name = UIKit.framework; path = System/Library/Frameworks/UIKit.framework; sourceTree = SDKROOT; };
		311F5FB316A3116E009DA011 /* Foundation.framework */ = {isa = PBXFileReference; lastKnownFileType = wrapper.framework; name = Foundation.framework; path = System/Library/Frameworks/Foundation.framework; sourceTree = SDKROOT; };
		311F5FB516A3116E009DA011 /* CoreGraphics.framework */ = {isa = PBXFileReference; lastKnownFileType = wrapper.framework; name = CoreGraphics.framework; path = System/Library/Frameworks/CoreGraphics.framework; sourceTree = SDKROOT; };
		311F5FB916A3116E009DA011 /* aoc2-2.2-Info.plist */ = {isa = PBXFileReference; lastKnownFileType = text.plist.xml; path = "aoc2-2.2-Info.plist"; sourceTree = "<group>"; };
		311F5FBB16A3116E009DA011 /* en */ = {isa = PBXFileReference; lastKnownFileType = text.plist.strings; name = en; path = en.lproj/InfoPlist.strings; sourceTree = "<group>"; };
		311F5FBD16A3116E009DA011 /* main.m */ = {isa = PBXFileReference; lastKnownFileType = sourcecode.c.objc; path = main.m; sourceTree = "<group>"; };
		311F5FBF16A3116E009DA011 /* aoc2-2.2-Prefix.pch */ = {isa = PBXFileReference; lastKnownFileType = sourcecode.c.h; path = "aoc2-2.2-Prefix.pch"; sourceTree = "<group>"; };
		311F5FC016A3116E009DA011 /* AppDelegate.h */ = {isa = PBXFileReference; lastKnownFileType = sourcecode.c.h; path = AppDelegate.h; sourceTree = "<group>"; };
		311F5FC116A3116E009DA011 /* AppDelegate.m */ = {isa = PBXFileReference; lastKnownFileType = sourcecode.c.objc; path = AppDelegate.m; sourceTree = "<group>"; };
		311F5FC316A3116E009DA011 /* Default.png */ = {isa = PBXFileReference; lastKnownFileType = image.png; path = Default.png; sourceTree = "<group>"; };
		311F5FC516A3116E009DA011 /* Default@2x.png */ = {isa = PBXFileReference; lastKnownFileType = image.png; path = "Default@2x.png"; sourceTree = "<group>"; };
		311F5FC716A3116E009DA011 /* Default-568h@2x.png */ = {isa = PBXFileReference; lastKnownFileType = image.png; path = "Default-568h@2x.png"; sourceTree = "<group>"; };
		311F5FC916A3116E009DA011 /* ViewController.h */ = {isa = PBXFileReference; lastKnownFileType = sourcecode.c.h; path = ViewController.h; sourceTree = "<group>"; };
		311F5FCA16A3116E009DA011 /* ViewController.m */ = {isa = PBXFileReference; lastKnownFileType = sourcecode.c.objc; path = ViewController.m; sourceTree = "<group>"; };
		311F5FCD16A3116E009DA011 /* en */ = {isa = PBXFileReference; lastKnownFileType = file.xib; name = en; path = en.lproj/ViewController.xib; sourceTree = "<group>"; };
		3135BE1D16A4B93200E4617F /* AOC2-2.2_Info_Screen.png */ = {isa = PBXFileReference; lastKnownFileType = image.png; path = "AOC2-2.2_Info_Screen.png"; sourceTree = "<group>"; };
		3135BE2416A4BFC900E4617F /* AOC2-2.2_Info_Screen_Exit_Button.png */ = {isa = PBXFileReference; lastKnownFileType = image.png; path = "AOC2-2.2_Info_Screen_Exit_Button.png"; sourceTree = "<group>"; };
		3149FE5C16A339F800ECF593 /* infoView.h */ = {isa = PBXFileReference; fileEncoding = 4; lastKnownFileType = sourcecode.c.h; path = infoView.h; sourceTree = "<group>"; };
		3149FE5D16A339F800ECF593 /* infoView.m */ = {isa = PBXFileReference; fileEncoding = 4; lastKnownFileType = sourcecode.c.objc; path = infoView.m; sourceTree = "<group>"; };
		3149FE5E16A339F800ECF593 /* infoView.xib */ = {isa = PBXFileReference; fileEncoding = 4; lastKnownFileType = file.xib; path = infoView.xib; sourceTree = "<group>"; };
		31DF654E16A5EB0800166392 /* friendFactory.h */ = {isa = PBXFileReference; fileEncoding = 4; lastKnownFileType = sourcecode.c.h; path = friendFactory.h; sourceTree = "<group>"; };
		31DF654F16A5EB0800166392 /* friendFactory.m */ = {isa = PBXFileReference; fileEncoding = 4; lastKnownFileType = sourcecode.c.objc; path = friendFactory.m; sourceTree = "<group>"; };
		31DF655216A5EB1D00166392 /* baseFriends.h */ = {isa = PBXFileReference; fileEncoding = 4; lastKnownFileType = sourcecode.c.h; path = baseFriends.h; sourceTree = "<group>"; };
		31DF655316A5EB1D00166392 /* baseFriends.m */ = {isa = PBXFileReference; fileEncoding = 4; lastKnownFileType = sourcecode.c.objc; path = baseFriends.m; sourceTree = "<group>"; };
		31DF655516A5EB3400166392 /* airFriend.h */ = {isa = PBXFileReference; fileEncoding = 4; lastKnownFileType = sourcecode.c.h; path = airFriend.h; sourceTree = "<group>"; };
		31DF655616A5EB3400166392 /* airFriend.m */ = {isa = PBXFileReference; fileEncoding = 4; lastKnownFileType = sourcecode.c.objc; path = airFriend.m; sourceTree = "<group>"; };
		31DF655816A5EB4200166392 /* fireFriend.h */ = {isa = PBXFileReference; fileEncoding = 4; lastKnownFileType = sourcecode.c.h; path = fireFriend.h; sourceTree = "<group>"; };
		31DF655916A5EB4200166392 /* fireFriend.m */ = {isa = PBXFileReference; fileEncoding = 4; lastKnownFileType = sourcecode.c.objc; path = fireFriend.m; sourceTree = "<group>"; };
		31DF655B16A5EB4D00166392 /* waterFriend.h */ = {isa = PBXFileReference; fileEncoding = 4; lastKnownFileType = sourcecode.c.h; path = waterFriend.h; sourceTree = "<group>"; };
		31DF655C16A5EB4D00166392 /* waterFriend.m */ = {isa = PBXFileReference; fileEncoding = 4; lastKnownFileType = sourcecode.c.objc; path = waterFriend.m; sourceTree = "<group>"; };
/* End PBXFileReference section */

/* Begin PBXFrameworksBuildPhase section */
		311F5FAA16A3116E009DA011 /* Frameworks */ = {
			isa = PBXFrameworksBuildPhase;
			buildActionMask = 2147483647;
			files = (
				311F5FB216A3116E009DA011 /* UIKit.framework in Frameworks */,
				311F5FB416A3116E009DA011 /* Foundation.framework in Frameworks */,
				311F5FB616A3116E009DA011 /* CoreGraphics.framework in Frameworks */,
			);
			runOnlyForDeploymentPostprocessing = 0;
		};
/* End PBXFrameworksBuildPhase section */

/* Begin PBXGroup section */
		311F5FA216A3116E009DA011 = {
			isa = PBXGroup;
			children = (
				311F5FB716A3116E009DA011 /* aoc2-2.2 */,
				311F5FB016A3116E009DA011 /* Frameworks */,
				311F5FAE16A3116E009DA011 /* Products */,
			);
			sourceTree = "<group>";
		};
		311F5FAE16A3116E009DA011 /* Products */ = {
			isa = PBXGroup;
			children = (
				311F5FAD16A3116E009DA011 /* aoc2-2.2.app */,
			);
			name = Products;
			sourceTree = "<group>";
		};
		311F5FB016A3116E009DA011 /* Frameworks */ = {
			isa = PBXGroup;
			children = (
				311F5FB116A3116E009DA011 /* UIKit.framework */,
				311F5FB316A3116E009DA011 /* Foundation.framework */,
				311F5FB516A3116E009DA011 /* CoreGraphics.framework */,
			);
			name = Frameworks;
			sourceTree = "<group>";
		};
		311F5FB716A3116E009DA011 /* aoc2-2.2 */ = {
			isa = PBXGroup;
			children = (
				3135BE2416A4BFC900E4617F /* AOC2-2.2_Info_Screen_Exit_Button.png */,
				3135BE1D16A4B93200E4617F /* AOC2-2.2_Info_Screen.png */,
				311F5FC016A3116E009DA011 /* AppDelegate.h */,
				311F5FC116A3116E009DA011 /* AppDelegate.m */,
				311F5FC916A3116E009DA011 /* ViewController.h */,
				311F5FCA16A3116E009DA011 /* ViewController.m */,
				311F5FCC16A3116E009DA011 /* ViewController.xib */,
				311F5FB816A3116E009DA011 /* Supporting Files */,
				3149FE5C16A339F800ECF593 /* infoView.h */,
				3149FE5D16A339F800ECF593 /* infoView.m */,
				3149FE5E16A339F800ECF593 /* infoView.xib */,
				31DF654E16A5EB0800166392 /* friendFactory.h */,
				31DF654F16A5EB0800166392 /* friendFactory.m */,
				31DF655216A5EB1D00166392 /* baseFriends.h */,
				31DF655316A5EB1D00166392 /* baseFriends.m */,
				31DF655516A5EB3400166392 /* airFriend.h */,
				31DF655616A5EB3400166392 /* airFriend.m */,
				31DF655816A5EB4200166392 /* fireFriend.h */,
				31DF655916A5EB4200166392 /* fireFriend.m */,
				31DF655B16A5EB4D00166392 /* waterFriend.h */,
				31DF655C16A5EB4D00166392 /* waterFriend.m */,
			);
			path = "aoc2-2.2";
			sourceTree = "<group>";
		};
		311F5FB816A3116E009DA011 /* Supporting Files */ = {
			isa = PBXGroup;
			children = (
				311F5FB916A3116E009DA011 /* aoc2-2.2-Info.plist */,
				311F5FBA16A3116E009DA011 /* InfoPlist.strings */,
				311F5FBD16A3116E009DA011 /* main.m */,
				311F5FBF16A3116E009DA011 /* aoc2-2.2-Prefix.pch */,
				311F5FC316A3116E009DA011 /* Default.png */,
				311F5FC516A3116E009DA011 /* Default@2x.png */,
				311F5FC716A3116E009DA011 /* Default-568h@2x.png */,
			);
			name = "Supporting Files";
			sourceTree = "<group>";
		};
/* End PBXGroup section */

/* Begin PBXNativeTarget section */
		311F5FAC16A3116E009DA011 /* aoc2-2.2 */ = {
			isa = PBXNativeTarget;
			buildConfigurationList = 311F5FD116A3116E009DA011 /* Build configuration list for PBXNativeTarget "aoc2-2.2" */;
			buildPhases = (
				311F5FA916A3116E009DA011 /* Sources */,
				311F5FAA16A3116E009DA011 /* Frameworks */,
				311F5FAB16A3116E009DA011 /* Resources */,
			);
			buildRules = (
			);
			dependencies = (
			);
			name = "aoc2-2.2";
			productName = "aoc2-2.2";
			productReference = 311F5FAD16A3116E009DA011 /* aoc2-2.2.app */;
			productType = "com.apple.product-type.application";
		};
/* End PBXNativeTarget section */

/* Begin PBXProject section */
		311F5FA416A3116E009DA011 /* Project object */ = {
			isa = PBXProject;
			attributes = {
				LastUpgradeCheck = 0450;
				ORGANIZATIONNAME = "Zachery Hernandez";
			};
			buildConfigurationList = 311F5FA716A3116E009DA011 /* Build configuration list for PBXProject "aoc2-2.2" */;
			compatibilityVersion = "Xcode 3.2";
			developmentRegion = English;
			hasScannedForEncodings = 0;
			knownRegions = (
				en,
			);
			mainGroup = 311F5FA216A3116E009DA011;
			productRefGroup = 311F5FAE16A3116E009DA011 /* Products */;
			projectDirPath = "";
			projectRoot = "";
			targets = (
				311F5FAC16A3116E009DA011 /* aoc2-2.2 */,
			);
		};
/* End PBXProject section */

/* Begin PBXResourcesBuildPhase section */
		311F5FAB16A3116E009DA011 /* Resources */ = {
			isa = PBXResourcesBuildPhase;
			buildActionMask = 2147483647;
			files = (
				311F5FBC16A3116E009DA011 /* InfoPlist.strings in Resources */,
				311F5FC416A3116E009DA011 /* Default.png in Resources */,
				311F5FC616A3116E009DA011 /* Default@2x.png in Resources */,
				311F5FC816A3116E009DA011 /* Default-568h@2x.png in Resources */,
				311F5FCE16A3116E009DA011 /* ViewController.xib in Resources */,
				3149FE6016A339F800ECF593 /* infoView.xib in Resources */,
				3135BE1E16A4B93200E4617F /* AOC2-2.2_Info_Screen.png in Resources */,
				3135BE2516A4BFC900E4617F /* AOC2-2.2_Info_Screen_Exit_Button.png in Resources */,
			);
			runOnlyForDeploymentPostprocessing = 0;
		};
/* End PBXResourcesBuildPhase section */

/* Begin PBXSourcesBuildPhase section */
		311F5FA916A3116E009DA011 /* Sources */ = {
			isa = PBXSourcesBuildPhase;
			buildActionMask = 2147483647;
			files = (
				311F5FBE16A3116E009DA011 /* main.m in Sources */,
				311F5FC216A3116E009DA011 /* AppDelegate.m in Sources */,
				311F5FCB16A3116E009DA011 /* ViewController.m in Sources */,
				3149FE5F16A339F800ECF593 /* infoView.m in Sources */,
				31DF655016A5EB0800166392 /* friendFactory.m in Sources */,
				31DF655416A5EB1D00166392 /* baseFriends.m in Sources */,
				31DF655716A5EB3400166392 /* airFriend.m in Sources */,
				31DF655A16A5EB4200166392 /* fireFriend.m in Sources */,
				31DF655D16A5EB4E00166392 /* waterFriend.m in Sources */,
			);
			runOnlyForDeploymentPostprocessing = 0;
		};
/* End PBXSourcesBuildPhase section */

/* Begin PBXVariantGroup section */
		311F5FBA16A3116E009DA011 /* InfoPlist.strings */ = {
			isa = PBXVariantGroup;
			children = (
				311F5FBB16A3116E009DA011 /* en */,
			);
			name = InfoPlist.strings;
			sourceTree = "<group>";
		};
		311F5FCC16A3116E009DA011 /* ViewController.xib */ = {
			isa = PBXVariantGroup;
			children = (
				311F5FCD16A3116E009DA011 /* en */,
			);
			name = ViewController.xib;
			sourceTree = "<group>";
		};
/* End PBXVariantGroup section */

/* Begin XCBuildConfiguration section */
		311F5FCF16A3116E009DA011 /* Debug */ = {
			isa = XCBuildConfiguration;
			buildSettings = {
				ALWAYS_SEARCH_USER_PATHS = NO;
				CLANG_CXX_LANGUAGE_STANDARD = "gnu++0x";
				CLANG_CXX_LIBRARY = "libc++";
				CLANG_WARN_EMPTY_BODY = YES;
				CLANG_WARN__DUPLICATE_METHOD_MATCH = YES;
				"CODE_SIGN_IDENTITY[sdk=iphoneos*]" = "iPhone Developer";
				COPY_PHASE_STRIP = NO;
				GCC_C_LANGUAGE_STANDARD = gnu99;
				GCC_DYNAMIC_NO_PIC = NO;
				GCC_OPTIMIZATION_LEVEL = 0;
				GCC_PREPROCESSOR_DEFINITIONS = (
					"DEBUG=1",
					"$(inherited)",
				);
				GCC_SYMBOLS_PRIVATE_EXTERN = NO;
				GCC_WARN_ABOUT_RETURN_TYPE = YES;
				GCC_WARN_UNINITIALIZED_AUTOS = YES;
				GCC_WARN_UNUSED_VARIABLE = YES;
				IPHONEOS_DEPLOYMENT_TARGET = 6.0;
				ONLY_ACTIVE_ARCH = YES;
				SDKROOT = iphoneos;
			};
			name = Debug;
		};
		311F5FD016A3116E009DA011 /* Release */ = {
			isa = XCBuildConfiguration;
			buildSettings = {
				ALWAYS_SEARCH_USER_PATHS = NO;
				CLANG_CXX_LANGUAGE_STANDARD = "gnu++0x";
				CLANG_CXX_LIBRARY = "libc++";
				CLANG_WARN_EMPTY_BODY = YES;
				CLANG_WARN__DUPLICATE_METHOD_MATCH = YES;
				"CODE_SIGN_IDENTITY[sdk=iphoneos*]" = "iPhone Developer";
				COPY_PHASE_STRIP = YES;
				GCC_C_LANGUAGE_STANDARD = gnu99;
				GCC_WARN_ABOUT_RETURN_TYPE = YES;
				GCC_WARN_UNINITIALIZED_AUTOS = YES;
				GCC_WARN_UNUSED_VARIABLE = YES;
				IPHONEOS_DEPLOYMENT_TARGET = 6.0;
				OTHER_CFLAGS = "-DNS_BLOCK_ASSERTIONS=1";
				SDKROOT = iphoneos;
				VALIDATE_PRODUCT = YES;
			};
			name = Release;
		};
		311F5FD216A3116E009DA011 /* Debug */ = {
			isa = XCBuildConfiguration;
			buildSettings = {
				GCC_PRECOMPILE_PREFIX_HEADER = YES;
				GCC_PREFIX_HEADER = "aoc2-2.2/aoc2-2.2-Prefix.pch";
				INFOPLIST_FILE = "aoc2-2.2/aoc2-2.2-Info.plist";
				PRODUCT_NAME = "$(TARGET_NAME)";
				WRAPPER_EXTENSION = app;
			};
			name = Debug;
		};
		311F5FD316A3116E009DA011 /* Release */ = {
			isa = XCBuildConfiguration;
			buildSettings = {
				GCC_PRECOMPILE_PREFIX_HEADER = YES;
				GCC_PREFIX_HEADER = "aoc2-2.2/aoc2-2.2-Prefix.pch";
				INFOPLIST_FILE = "aoc2-2.2/aoc2-2.2-Info.plist";
				PRODUCT_NAME = "$(TARGET_NAME)";
				WRAPPER_EXTENSION = app;
			};
			name = Release;
		};
/* End XCBuildConfiguration section */

/* Begin XCConfigurationList section */
		311F5FA716A3116E009DA011 /* Build configuration list for PBXProject "aoc2-2.2" */ = {
			isa = XCConfigurationList;
			buildConfigurations = (
				311F5FCF16A3116E009DA011 /* Debug */,
				311F5FD016A3116E009DA011 /* Release */,
			);
			defaultConfigurationIsVisible = 0;
			defaultConfigurationName = Release;
		};
		311F5FD116A3116E009DA011 /* Build configuration list for PBXNativeTarget "aoc2-2.2" */ = {
			isa = XCConfigurationList;
			buildConfigurations = (
				311F5FD216A3116E009DA011 /* Debug */,
				311F5FD316A3116E009DA011 /* Release */,
			);
			defaultConfigurationIsVisible = 0;
			defaultConfigurationName = Release;
		};
/* End XCConfigurationList section */
	};
	rootObject = 311F5FA416A3116E009DA011 /* Project object */;
}
